PODS:
  - SDWebImage (5.13.4):
    - SDWebImage/Core (= 5.13.4)
  - SDWebImage/Core (5.13.4)
  - SnapKit (5.0.1)
  - SwiftyVIPER (1.2.3)

DEPENDENCIES:
  - SDWebImage (~> 5.0)
  - SnapKit (~> 5.0.0)
  - SwiftyVIPER (~> 1.0)

SPEC REPOS:
  trunk:
    - SDWebImage
    - SnapKit
    - SwiftyVIPER

SPEC CHECKSUMS:
  SDWebImage: e5cc87bf736e60f49592f307bdf9e157189298a3
  SnapKit: 97b92857e3df3a0c71833cce143274bf6ef8e5eb
  SwiftyVIPER: 83afd74104ea27303ec6a52563f4adbf33413e50

PODFILE CHECKSUM: d494d8f5360397f3e38090ead5a9cf38e0eeeecd

COCOAPODS: 1.11.3
