// !$*UTF8*$!
{
	archiveVersion = 1;
	classes = {
	};
	objectVersion = 56;
	objects = {

/* Begin PBXBuildFile section */
		69679704F6648804DC6FE28A /* Pods_MovieDbViper.framework in Frameworks */ = {isa = PBXBuildFile; fileRef = C3B8783C78F4A23865476B16 /* Pods_MovieDbViper.framework */; };
		B58BC5D12902BB8F00C1C09D /* ApiManager.swift in Sources */ = {isa = PBXBuildFile; fileRef = B58BC5D02902BB8F00C1C09D /* ApiManager.swift */; };
		B58BC5D32902BBA300C1C09D /* Constants.swift in Sources */ = {isa = PBXBuildFile; fileRef = B58BC5D22902BBA300C1C09D /* Constants.swift */; };
		B58BC5D92902BF6A00C1C09D /* HomeModule.swift in Sources */ = {isa = PBXBuildFile; fileRef = B58BC5D42902BF6A00C1C09D /* HomeModule.swift */; };
		B58BC5DA2902BF6A00C1C09D /* HomePresenter.swift in Sources */ = {isa = PBXBuildFile; fileRef = B58BC5D52902BF6A00C1C09D /* HomePresenter.swift */; };
		B58BC5DB2902BF6A00C1C09D /* HomeRouter.swift in Sources */ = {isa = PBXBuildFile; fileRef = B58BC5D62902BF6A00C1C09D /* HomeRouter.swift */; };
		B58BC5DC2902BF6A00C1C09D /* HomeViewController.swift in Sources */ = {isa = PBXBuildFile; fileRef = B58BC5D72902BF6A00C1C09D /* HomeViewController.swift */; };
		B58BC5DD2902BF6A00C1C09D /* HomeInteractor.swift in Sources */ = {isa = PBXBuildFile; fileRef = B58BC5D82902BF6A00C1C09D /* HomeInteractor.swift */; };
		B5CD91172902DABF00988A7B /* GenreResult.swift in Sources */ = {isa = PBXBuildFile; fileRef = B5CD91162902DABF00988A7B /* GenreResult.swift */; };
		B5CFE1CB2902B65B008DDCF2 /* AppDelegate.swift in Sources */ = {isa = PBXBuildFile; fileRef = B5CFE1CA2902B65B008DDCF2 /* AppDelegate.swift */; };
		B5CFE1CD2902B65B008DDCF2 /* SceneDelegate.swift in Sources */ = {isa = PBXBuildFile; fileRef = B5CFE1CC2902B65B008DDCF2 /* SceneDelegate.swift */; };
		B5CFE1D42902B65D008DDCF2 /* Assets.xcassets in Resources */ = {isa = PBXBuildFile; fileRef = B5CFE1D32902B65D008DDCF2 /* Assets.xcassets */; };
		B5CFE1D72902B65D008DDCF2 /* LaunchScreen.storyboard in Resources */ = {isa = PBXBuildFile; fileRef = B5CFE1D52902B65D008DDCF2 /* LaunchScreen.storyboard */; };
		B5F06A332902E7E100C0499E /* MovieListModule.swift in Sources */ = {isa = PBXBuildFile; fileRef = B5F06A2E2902E7E100C0499E /* MovieListModule.swift */; };
		B5F06A342902E7E100C0499E /* MovieListPresenter.swift in Sources */ = {isa = PBXBuildFile; fileRef = B5F06A2F2902E7E100C0499E /* MovieListPresenter.swift */; };
		B5F06A352902E7E100C0499E /* MovieListRouter.swift in Sources */ = {isa = PBXBuildFile; fileRef = B5F06A302902E7E100C0499E /* MovieListRouter.swift */; };
		B5F06A362902E7E100C0499E /* MovieListViewController.swift in Sources */ = {isa = PBXBuildFile; fileRef = B5F06A312902E7E100C0499E /* MovieListViewController.swift */; };
		B5F06A372902E7E100C0499E /* MovieListInteractor.swift in Sources */ = {isa = PBXBuildFile; fileRef = B5F06A322902E7E100C0499E /* MovieListInteractor.swift */; };
		B5F06A392902EB1D00C0499E /* MovieListCollectionViewCell.swift in Sources */ = {isa = PBXBuildFile; fileRef = B5F06A382902EB1D00C0499E /* MovieListCollectionViewCell.swift */; };
		B5F06A3B2902EEBC00C0499E /* MovieList.swift in Sources */ = {isa = PBXBuildFile; fileRef = B5F06A3A2902EEBC00C0499E /* MovieList.swift */; };
/* End PBXBuildFile section */

/* Begin PBXFileReference section */
		8C2F111C02286B2E909A4B4B /* Pods-MovieDbViper.release.xcconfig */ = {isa = PBXFileReference; includeInIndex = 1; lastKnownFileType = text.xcconfig; name = "Pods-MovieDbViper.release.xcconfig"; path = "Target Support Files/Pods-MovieDbViper/Pods-MovieDbViper.release.xcconfig"; sourceTree = "<group>"; };
		B58BC5D02902BB8F00C1C09D /* ApiManager.swift */ = {isa = PBXFileReference; lastKnownFileType = sourcecode.swift; path = ApiManager.swift; sourceTree = "<group>"; };
		B58BC5D22902BBA300C1C09D /* Constants.swift */ = {isa = PBXFileReference; lastKnownFileType = sourcecode.swift; path = Constants.swift; sourceTree = "<group>"; };
		B58BC5D42902BF6A00C1C09D /* HomeModule.swift */ = {isa = PBXFileReference; lastKnownFileType = sourcecode.swift; path = HomeModule.swift; sourceTree = "<group>"; };
		B58BC5D52902BF6A00C1C09D /* HomePresenter.swift */ = {isa = PBXFileReference; lastKnownFileType = sourcecode.swift; path = HomePresenter.swift; sourceTree = "<group>"; };
		B58BC5D62902BF6A00C1C09D /* HomeRouter.swift */ = {isa = PBXFileReference; lastKnownFileType = sourcecode.swift; path = HomeRouter.swift; sourceTree = "<group>"; };
		B58BC5D72902BF6A00C1C09D /* HomeViewController.swift */ = {isa = PBXFileReference; lastKnownFileType = sourcecode.swift; path = HomeViewController.swift; sourceTree = "<group>"; };
		B58BC5D82902BF6A00C1C09D /* HomeInteractor.swift */ = {isa = PBXFileReference; lastKnownFileType = sourcecode.swift; path = HomeInteractor.swift; sourceTree = "<group>"; };
		B5CD91162902DABF00988A7B /* GenreResult.swift */ = {isa = PBXFileReference; lastKnownFileType = sourcecode.swift; path = GenreResult.swift; sourceTree = "<group>"; };
		B5CFE1C72902B65B008DDCF2 /* MovieDbViper.app */ = {isa = PBXFileReference; explicitFileType = wrapper.application; includeInIndex = 0; path = MovieDbViper.app; sourceTree = BUILT_PRODUCTS_DIR; };
		B5CFE1CA2902B65B008DDCF2 /* AppDelegate.swift */ = {isa = PBXFileReference; lastKnownFileType = sourcecode.swift; path = AppDelegate.swift; sourceTree = "<group>"; };
		B5CFE1CC2902B65B008DDCF2 /* SceneDelegate.swift */ = {isa = PBXFileReference; lastKnownFileType = sourcecode.swift; path = SceneDelegate.swift; sourceTree = "<group>"; };
		B5CFE1D32902B65D008DDCF2 /* Assets.xcassets */ = {isa = PBXFileReference; lastKnownFileType = folder.assetcatalog; path = Assets.xcassets; sourceTree = "<group>"; };
		B5CFE1D62902B65D008DDCF2 /* Base */ = {isa = PBXFileReference; lastKnownFileType = file.storyboard; name = Base; path = Base.lproj/LaunchScreen.storyboard; sourceTree = "<group>"; };
		B5CFE1D82902B65D008DDCF2 /* Info.plist */ = {isa = PBXFileReference; lastKnownFileType = text.plist.xml; path = Info.plist; sourceTree = "<group>"; };
		B5F06A2E2902E7E100C0499E /* MovieListModule.swift */ = {isa = PBXFileReference; lastKnownFileType = sourcecode.swift; path = MovieListModule.swift; sourceTree = "<group>"; };
		B5F06A2F2902E7E100C0499E /* MovieListPresenter.swift */ = {isa = PBXFileReference; lastKnownFileType = sourcecode.swift; path = MovieListPresenter.swift; sourceTree = "<group>"; };
		B5F06A302902E7E100C0499E /* MovieListRouter.swift */ = {isa = PBXFileReference; lastKnownFileType = sourcecode.swift; path = MovieListRouter.swift; sourceTree = "<group>"; };
		B5F06A312902E7E100C0499E /* MovieListViewController.swift */ = {isa = PBXFileReference; lastKnownFileType = sourcecode.swift; path = MovieListViewController.swift; sourceTree = "<group>"; };
		B5F06A322902E7E100C0499E /* MovieListInteractor.swift */ = {isa = PBXFileReference; lastKnownFileType = sourcecode.swift; path = MovieListInteractor.swift; sourceTree = "<group>"; };
		B5F06A382902EB1D00C0499E /* MovieListCollectionViewCell.swift */ = {isa = PBXFileReference; lastKnownFileType = sourcecode.swift; path = MovieListCollectionViewCell.swift; sourceTree = "<group>"; };
		B5F06A3A2902EEBC00C0499E /* MovieList.swift */ = {isa = PBXFileReference; lastKnownFileType = sourcecode.swift; path = MovieList.swift; sourceTree = "<group>"; };
		BD7AEDD5129433F8D3DE3137 /* Pods-MovieDbViper.debug.xcconfig */ = {isa = PBXFileReference; includeInIndex = 1; lastKnownFileType = text.xcconfig; name = "Pods-MovieDbViper.debug.xcconfig"; path = "Target Support Files/Pods-MovieDbViper/Pods-MovieDbViper.debug.xcconfig"; sourceTree = "<group>"; };
		C3B8783C78F4A23865476B16 /* Pods_MovieDbViper.framework */ = {isa = PBXFileReference; explicitFileType = wrapper.framework; includeInIndex = 0; path = Pods_MovieDbViper.framework; sourceTree = BUILT_PRODUCTS_DIR; };
/* End PBXFileReference section */

/* Begin PBXFrameworksBuildPhase section */
		B5CFE1C42902B65B008DDCF2 /* Frameworks */ = {
			isa = PBXFrameworksBuildPhase;
			buildActionMask = 2147483647;
			files = (
				69679704F6648804DC6FE28A /* Pods_MovieDbViper.framework in Frameworks */,
			);
			runOnlyForDeploymentPostprocessing = 0;
		};
/* End PBXFrameworksBuildPhase section */

/* Begin PBXGroup section */
		177F25CC4C37120E8F4F2FCF /* Pods */ = {
			isa = PBXGroup;
			children = (
				BD7AEDD5129433F8D3DE3137 /* Pods-MovieDbViper.debug.xcconfig */,
				8C2F111C02286B2E909A4B4B /* Pods-MovieDbViper.release.xcconfig */,
			);
			path = Pods;
			sourceTree = "<group>";
		};
		B58BC5C22902B8E000C1C09D /* Home */ = {
			isa = PBXGroup;
			children = (
				B58BC5D42902BF6A00C1C09D /* HomeModule.swift */,
				B58BC5D52902BF6A00C1C09D /* HomePresenter.swift */,
				B58BC5D62902BF6A00C1C09D /* HomeRouter.swift */,
				B58BC5D72902BF6A00C1C09D /* HomeViewController.swift */,
				B58BC5D82902BF6A00C1C09D /* HomeInteractor.swift */,
			);
			path = Home;
			sourceTree = "<group>";
		};
		B58BC5CF2902BB8300C1C09D /* Common */ = {
			isa = PBXGroup;
			children = (
				B58BC5D02902BB8F00C1C09D /* ApiManager.swift */,
				B58BC5D22902BBA300C1C09D /* Constants.swift */,
			);
			path = Common;
			sourceTree = "<group>";
		};
		B5CD91132902DAAD00988A7B /* Model */ = {
			isa = PBXGroup;
			children = (
				B5CD91162902DABF00988A7B /* GenreResult.swift */,
				B5F06A3A2902EEBC00C0499E /* MovieList.swift */,
			);
			path = Model;
			sourceTree = "<group>";
		};
		B5CFE1BE2902B65B008DDCF2 = {
			isa = PBXGroup;
			children = (
				B5CFE1C92902B65B008DDCF2 /* MovieDbViper */,
				B5CFE1C82902B65B008DDCF2 /* Products */,
				177F25CC4C37120E8F4F2FCF /* Pods */,
				E169C51CDC2303E1E90A4CD5 /* Frameworks */,
			);
			sourceTree = "<group>";
		};
		B5CFE1C82902B65B008DDCF2 /* Products */ = {
			isa = PBXGroup;
			children = (
				B5CFE1C72902B65B008DDCF2 /* MovieDbViper.app */,
			);
			name = Products;
			sourceTree = "<group>";
		};
		B5CFE1C92902B65B008DDCF2 /* MovieDbViper */ = {
			isa = PBXGroup;
			children = (
				B5CD91132902DAAD00988A7B /* Model */,
				B58BC5CF2902BB8300C1C09D /* Common */,
				B5CFE1DE2902B66D008DDCF2 /* Modules */,
				B5CFE1CA2902B65B008DDCF2 /* AppDelegate.swift */,
				B5CFE1CC2902B65B008DDCF2 /* SceneDelegate.swift */,
				B5CFE1D32902B65D008DDCF2 /* Assets.xcassets */,
				B5CFE1D52902B65D008DDCF2 /* LaunchScreen.storyboard */,
				B5CFE1D82902B65D008DDCF2 /* Info.plist */,
			);
			path = MovieDbViper;
			sourceTree = "<group>";
		};
		B5CFE1DE2902B66D008DDCF2 /* Modules */ = {
			isa = PBXGroup;
			children = (
				B5F06A2D2902E7C700C0499E /* MovieList */,
				B58BC5C22902B8E000C1C09D /* Home */,
			);
			path = Modules;
			sourceTree = "<group>";
		};
		B5F06A2D2902E7C700C0499E /* MovieList */ = {
			isa = PBXGroup;
			children = (
				B5F06A2E2902E7E100C0499E /* MovieListModule.swift */,
				B5F06A2F2902E7E100C0499E /* MovieListPresenter.swift */,
				B5F06A302902E7E100C0499E /* MovieListRouter.swift */,
				B5F06A312902E7E100C0499E /* MovieListViewController.swift */,
				B5F06A322902E7E100C0499E /* MovieListInteractor.swift */,
				B5F06A382902EB1D00C0499E /* MovieListCollectionViewCell.swift */,
			);
			path = MovieList;
			sourceTree = "<group>";
		};
		E169C51CDC2303E1E90A4CD5 /* Frameworks */ = {
			isa = PBXGroup;
			children = (
				C3B8783C78F4A23865476B16 /* Pods_MovieDbViper.framework */,
			);
			name = Frameworks;
			sourceTree = "<group>";
		};
/* End PBXGroup section */

/* Begin PBXNativeTarget section */
		B5CFE1C62902B65B008DDCF2 /* MovieDbViper */ = {
			isa = PBXNativeTarget;
			buildConfigurationList = B5CFE1DB2902B65D008DDCF2 /* Build configuration list for PBXNativeTarget "MovieDbViper" */;
			buildPhases = (
				C4E184DAA2B278F39BE47A9A /* [CP] Check Pods Manifest.lock */,
				B5CFE1C32902B65B008DDCF2 /* Sources */,
				B5CFE1C42902B65B008DDCF2 /* Frameworks */,
				B5CFE1C52902B65B008DDCF2 /* Resources */,
				7536629D84627AF1CBBFF730 /* [CP] Embed Pods Frameworks */,
			);
			buildRules = (
			);
			dependencies = (
			);
			name = MovieDbViper;
			productName = MovieDbViper;
			productReference = B5CFE1C72902B65B008DDCF2 /* MovieDbViper.app */;
			productType = "com.apple.product-type.application";
		};
/* End PBXNativeTarget section */

/* Begin PBXProject section */
		B5CFE1BF2902B65B008DDCF2 /* Project object */ = {
			isa = PBXProject;
			attributes = {
				BuildIndependentTargetsInParallel = 1;
				LastSwiftUpdateCheck = 1400;
				LastUpgradeCheck = 1400;
				TargetAttributes = {
					B5CFE1C62902B65B008DDCF2 = {
						CreatedOnToolsVersion = 14.0.1;
					};
				};
			};
			buildConfigurationList = B5CFE1C22902B65B008DDCF2 /* Build configuration list for PBXProject "MovieDbViper" */;
			compatibilityVersion = "Xcode 14.0";
			developmentRegion = en;
			hasScannedForEncodings = 0;
			knownRegions = (
				en,
				Base,
			);
			mainGroup = B5CFE1BE2902B65B008DDCF2;
			productRefGroup = B5CFE1C82902B65B008DDCF2 /* Products */;
			projectDirPath = "";
			projectRoot = "";
			targets = (
				B5CFE1C62902B65B008DDCF2 /* MovieDbViper */,
			);
		};
/* End PBXProject section */

/* Begin PBXResourcesBuildPhase section */
		B5CFE1C52902B65B008DDCF2 /* Resources */ = {
			isa = PBXResourcesBuildPhase;
			buildActionMask = 2147483647;
			files = (
				B5CFE1D72902B65D008DDCF2 /* LaunchScreen.storyboard in Resources */,
				B5CFE1D42902B65D008DDCF2 /* Assets.xcassets in Resources */,
			);
			runOnlyForDeploymentPostprocessing = 0;
		};
/* End PBXResourcesBuildPhase section */

/* Begin PBXShellScriptBuildPhase section */
		7536629D84627AF1CBBFF730 /* [CP] Embed Pods Frameworks */ = {
			isa = PBXShellScriptBuildPhase;
			buildActionMask = 2147483647;
			files = (
			);
			inputFileListPaths = (
				"${PODS_ROOT}/Target Support Files/Pods-MovieDbViper/Pods-MovieDbViper-frameworks-${CONFIGURATION}-input-files.xcfilelist",
			);
			name = "[CP] Embed Pods Frameworks";
			outputFileListPaths = (
				"${PODS_ROOT}/Target Support Files/Pods-MovieDbViper/Pods-MovieDbViper-frameworks-${CONFIGURATION}-output-files.xcfilelist",
			);
			runOnlyForDeploymentPostprocessing = 0;
			shellPath = /bin/sh;
			shellScript = "\"${PODS_ROOT}/Target Support Files/Pods-MovieDbViper/Pods-MovieDbViper-frameworks.sh\"\n";
			showEnvVarsInLog = 0;
		};
		C4E184DAA2B278F39BE47A9A /* [CP] Check Pods Manifest.lock */ = {
			isa = PBXShellScriptBuildPhase;
			buildActionMask = 2147483647;
			files = (
			);
			inputFileListPaths = (
			);
			inputPaths = (
				"${PODS_PODFILE_DIR_PATH}/Podfile.lock",
				"${PODS_ROOT}/Manifest.lock",
			);
			name = "[CP] Check Pods Manifest.lock";
			outputFileListPaths = (
			);
			outputPaths = (
				"$(DERIVED_FILE_DIR)/Pods-MovieDbViper-checkManifestLockResult.txt",
			);
			runOnlyForDeploymentPostprocessing = 0;
			shellPath = /bin/sh;
			shellScript = "diff \"${PODS_PODFILE_DIR_PATH}/Podfile.lock\" \"${PODS_ROOT}/Manifest.lock\" > /dev/null\nif [ $? != 0 ] ; then\n    # print error to STDERR\n    echo \"error: The sandbox is not in sync with the Podfile.lock. Run 'pod install' or update your CocoaPods installation.\" >&2\n    exit 1\nfi\n# This output is used by Xcode 'outputs' to avoid re-running this script phase.\necho \"SUCCESS\" > \"${SCRIPT_OUTPUT_FILE_0}\"\n";
			showEnvVarsInLog = 0;
		};
/* End PBXShellScriptBuildPhase section */

/* Begin PBXSourcesBuildPhase section */
		B5CFE1C32902B65B008DDCF2 /* Sources */ = {
			isa = PBXSourcesBuildPhase;
			buildActionMask = 2147483647;
			files = (
				B58BC5D12902BB8F00C1C09D /* ApiManager.swift in Sources */,
				B5CFE1CB2902B65B008DDCF2 /* AppDelegate.swift in Sources */,
				B58BC5DB2902BF6A00C1C09D /* HomeRouter.swift in Sources */,
				B58BC5DC2902BF6A00C1C09D /* HomeViewController.swift in Sources */,
				B5F06A3B2902EEBC00C0499E /* MovieList.swift in Sources */,
				B5F06A332902E7E100C0499E /* MovieListModule.swift in Sources */,
				B58BC5D92902BF6A00C1C09D /* HomeModule.swift in Sources */,
				B58BC5DA2902BF6A00C1C09D /* HomePresenter.swift in Sources */,
				B5F06A372902E7E100C0499E /* MovieListInteractor.swift in Sources */,
				B5F06A342902E7E100C0499E /* MovieListPresenter.swift in Sources */,
				B5F06A352902E7E100C0499E /* MovieListRouter.swift in Sources */,
				B58BC5DD2902BF6A00C1C09D /* HomeInteractor.swift in Sources */,
				B5CFE1CD2902B65B008DDCF2 /* SceneDelegate.swift in Sources */,
				B5F06A362902E7E100C0499E /* MovieListViewController.swift in Sources */,
				B5F06A392902EB1D00C0499E /* MovieListCollectionViewCell.swift in Sources */,
				B58BC5D32902BBA300C1C09D /* Constants.swift in Sources */,
				B5CD91172902DABF00988A7B /* GenreResult.swift in Sources */,
			);
			runOnlyForDeploymentPostprocessing = 0;
		};
/* End PBXSourcesBuildPhase section */

/* Begin PBXVariantGroup section */
		B5CFE1D52902B65D008DDCF2 /* LaunchScreen.storyboard */ = {
			isa = PBXVariantGroup;
			children = (
				B5CFE1D62902B65D008DDCF2 /* Base */,
			);
			name = LaunchScreen.storyboard;
			sourceTree = "<group>";
		};
/* End PBXVariantGroup section */

/* Begin XCBuildConfiguration section */
		B5CFE1D92902B65D008DDCF2 /* Debug */ = {
			isa = XCBuildConfiguration;
			buildSettings = {
				ALWAYS_SEARCH_USER_PATHS = NO;
				CLANG_ANALYZER_NONNULL = YES;
				CLANG_ANALYZER_NUMBER_OBJECT_CONVERSION = YES_AGGRESSIVE;
				CLANG_CXX_LANGUAGE_STANDARD = "gnu++20";
				CLANG_ENABLE_MODULES = YES;
				CLANG_ENABLE_OBJC_ARC = YES;
				CLANG_ENABLE_OBJC_WEAK = YES;
				CLANG_WARN_BLOCK_CAPTURE_AUTORELEASING = YES;
				CLANG_WARN_BOOL_CONVERSION = YES;
				CLANG_WARN_COMMA = YES;
				CLANG_WARN_CONSTANT_CONVERSION = YES;
				CLANG_WARN_DEPRECATED_OBJC_IMPLEMENTATIONS = YES;
				CLANG_WARN_DIRECT_OBJC_ISA_USAGE = YES_ERROR;
				CLANG_WARN_DOCUMENTATION_COMMENTS = YES;
				CLANG_WARN_EMPTY_BODY = YES;
				CLANG_WARN_ENUM_CONVERSION = YES;
				CLANG_WARN_INFINITE_RECURSION = YES;
				CLANG_WARN_INT_CONVERSION = YES;
				CLANG_WARN_NON_LITERAL_NULL_CONVERSION = YES;
				CLANG_WARN_OBJC_IMPLICIT_RETAIN_SELF = YES;
				CLANG_WARN_OBJC_LITERAL_CONVERSION = YES;
				CLANG_WARN_OBJC_ROOT_CLASS = YES_ERROR;
				CLANG_WARN_QUOTED_INCLUDE_IN_FRAMEWORK_HEADER = YES;
				CLANG_WARN_RANGE_LOOP_ANALYSIS = YES;
				CLANG_WARN_STRICT_PROTOTYPES = YES;
				CLANG_WARN_SUSPICIOUS_MOVE = YES;
				CLANG_WARN_UNGUARDED_AVAILABILITY = YES_AGGRESSIVE;
				CLANG_WARN_UNREACHABLE_CODE = YES;
				CLANG_WARN__DUPLICATE_METHOD_MATCH = YES;
				COPY_PHASE_STRIP = NO;
				DEBUG_INFORMATION_FORMAT = dwarf;
				ENABLE_STRICT_OBJC_MSGSEND = YES;
				ENABLE_TESTABILITY = YES;
				GCC_C_LANGUAGE_STANDARD = gnu11;
				GCC_DYNAMIC_NO_PIC = NO;
				GCC_NO_COMMON_BLOCKS = YES;
				GCC_OPTIMIZATION_LEVEL = 0;
				GCC_PREPROCESSOR_DEFINITIONS = (
					"DEBUG=1",
					"$(inherited)",
				);
				GCC_WARN_64_TO_32_BIT_CONVERSION = YES;
				GCC_WARN_ABOUT_RETURN_TYPE = YES_ERROR;
				GCC_WARN_UNDECLARED_SELECTOR = YES;
				GCC_WARN_UNINITIALIZED_AUTOS = YES_AGGRESSIVE;
				GCC_WARN_UNUSED_FUNCTION = YES;
				GCC_WARN_UNUSED_VARIABLE = YES;
				IPHONEOS_DEPLOYMENT_TARGET = 16.0;
				MTL_ENABLE_DEBUG_INFO = INCLUDE_SOURCE;
				MTL_FAST_MATH = YES;
				ONLY_ACTIVE_ARCH = YES;
				SDKROOT = iphoneos;
				SWIFT_ACTIVE_COMPILATION_CONDITIONS = DEBUG;
				SWIFT_OPTIMIZATION_LEVEL = "-Onone";
			};
			name = Debug;
		};
		B5CFE1DA2902B65D008DDCF2 /* Release */ = {
			isa = XCBuildConfiguration;
			buildSettings = {
				ALWAYS_SEARCH_USER_PATHS = NO;
				CLANG_ANALYZER_NONNULL = YES;
				CLANG_ANALYZER_NUMBER_OBJECT_CONVERSION = YES_AGGRESSIVE;
				CLANG_CXX_LANGUAGE_STANDARD = "gnu++20";
				CLANG_ENABLE_MODULES = YES;
				CLANG_ENABLE_OBJC_ARC = YES;
				CLANG_ENABLE_OBJC_WEAK = YES;
				CLANG_WARN_BLOCK_CAPTURE_AUTORELEASING = YES;
				CLANG_WARN_BOOL_CONVERSION = YES;
				CLANG_WARN_COMMA = YES;
				CLANG_WARN_CONSTANT_CONVERSION = YES;
				CLANG_WARN_DEPRECATED_OBJC_IMPLEMENTATIONS = YES;
				CLANG_WARN_DIRECT_OBJC_ISA_USAGE = YES_ERROR;
				CLANG_WARN_DOCUMENTATION_COMMENTS = YES;
				CLANG_WARN_EMPTY_BODY = YES;
				CLANG_WARN_ENUM_CONVERSION = YES;
				CLANG_WARN_INFINITE_RECURSION = YES;
				CLANG_WARN_INT_CONVERSION = YES;
				CLANG_WARN_NON_LITERAL_NULL_CONVERSION = YES;
				CLANG_WARN_OBJC_IMPLICIT_RETAIN_SELF = YES;
				CLANG_WARN_OBJC_LITERAL_CONVERSION = YES;
				CLANG_WARN_OBJC_ROOT_CLASS = YES_ERROR;
				CLANG_WARN_QUOTED_INCLUDE_IN_FRAMEWORK_HEADER = YES;
				CLANG_WARN_RANGE_LOOP_ANALYSIS = YES;
				CLANG_WARN_STRICT_PROTOTYPES = YES;
				CLANG_WARN_SUSPICIOUS_MOVE = YES;
				CLANG_WARN_UNGUARDED_AVAILABILITY = YES_AGGRESSIVE;
				CLANG_WARN_UNREACHABLE_CODE = YES;
				CLANG_WARN__DUPLICATE_METHOD_MATCH = YES;
				COPY_PHASE_STRIP = NO;
				DEBUG_INFORMATION_FORMAT = "dwarf-with-dsym";
				ENABLE_NS_ASSERTIONS = NO;
				ENABLE_STRICT_OBJC_MSGSEND = YES;
				GCC_C_LANGUAGE_STANDARD = gnu11;
				GCC_NO_COMMON_BLOCKS = YES;
				GCC_WARN_64_TO_32_BIT_CONVERSION = YES;
				GCC_WARN_ABOUT_RETURN_TYPE = YES_ERROR;
				GCC_WARN_UNDECLARED_SELECTOR = YES;
				GCC_WARN_UNINITIALIZED_AUTOS = YES_AGGRESSIVE;
				GCC_WARN_UNUSED_FUNCTION = YES;
				GCC_WARN_UNUSED_VARIABLE = YES;
				IPHONEOS_DEPLOYMENT_TARGET = 16.0;
				MTL_ENABLE_DEBUG_INFO = NO;
				MTL_FAST_MATH = YES;
				SDKROOT = iphoneos;
				SWIFT_COMPILATION_MODE = wholemodule;
				SWIFT_OPTIMIZATION_LEVEL = "-O";
				VALIDATE_PRODUCT = YES;
			};
			name = Release;
		};
		B5CFE1DC2902B65D008DDCF2 /* Debug */ = {
			isa = XCBuildConfiguration;
			baseConfigurationReference = BD7AEDD5129433F8D3DE3137 /* Pods-MovieDbViper.debug.xcconfig */;
			buildSettings = {
				ASSETCATALOG_COMPILER_APPICON_NAME = AppIcon;
				ASSETCATALOG_COMPILER_GLOBAL_ACCENT_COLOR_NAME = AccentColor;
				CODE_SIGN_STYLE = Automatic;
				CURRENT_PROJECT_VERSION = 1;
				DEVELOPMENT_TEAM = 5DUFZTPDQV;
				GENERATE_INFOPLIST_FILE = YES;
				INFOPLIST_FILE = MovieDbViper/Info.plist;
				INFOPLIST_KEY_UIApplicationSupportsIndirectInputEvents = YES;
				INFOPLIST_KEY_UILaunchStoryboardName = LaunchScreen;
				INFOPLIST_KEY_UISupportedInterfaceOrientations_iPad = "UIInterfaceOrientationPortrait UIInterfaceOrientationPortraitUpsideDown UIInterfaceOrientationLandscapeLeft UIInterfaceOrientationLandscapeRight";
				INFOPLIST_KEY_UISupportedInterfaceOrientations_iPhone = "UIInterfaceOrientationPortrait UIInterfaceOrientationLandscapeLeft UIInterfaceOrientationLandscapeRight";
				LD_RUNPATH_SEARCH_PATHS = (
					"$(inherited)",
					"@executable_path/Frameworks",
				);
				MARKETING_VERSION = 1.0;
				PRODUCT_BUNDLE_IDENTIFIER = hnslmp.MovieDbViper;
				PRODUCT_NAME = "$(TARGET_NAME)";
				SWIFT_EMIT_LOC_STRINGS = YES;
				SWIFT_VERSION = 5.0;
				TARGETED_DEVICE_FAMILY = "1,2";
			};
			name = Debug;
		};
		B5CFE1DD2902B65D008DDCF2 /* Release */ = {
			isa = XCBuildConfiguration;
			baseConfigurationReference = 8C2F111C02286B2E909A4B4B /* Pods-MovieDbViper.release.xcconfig */;
			buildSettings = {
				ASSETCATALOG_COMPILER_APPICON_NAME = AppIcon;
				ASSETCATALOG_COMPILER_GLOBAL_ACCENT_COLOR_NAME = AccentColor;
				CODE_SIGN_STYLE = Automatic;
				CURRENT_PROJECT_VERSION = 1;
				DEVELOPMENT_TEAM = 5DUFZTPDQV;
				GENERATE_INFOPLIST_FILE = YES;
				INFOPLIST_FILE = MovieDbViper/Info.plist;
				INFOPLIST_KEY_UIApplicationSupportsIndirectInputEvents = YES;
				INFOPLIST_KEY_UILaunchStoryboardName = LaunchScreen;
				INFOPLIST_KEY_UISupportedInterfaceOrientations_iPad = "UIInterfaceOrientationPortrait UIInterfaceOrientationPortraitUpsideDown UIInterfaceOrientationLandscapeLeft UIInterfaceOrientationLandscapeRight";
				INFOPLIST_KEY_UISupportedInterfaceOrientations_iPhone = "UIInterfaceOrientationPortrait UIInterfaceOrientationLandscapeLeft UIInterfaceOrientationLandscapeRight";
				LD_RUNPATH_SEARCH_PATHS = (
					"$(inherited)",
					"@executable_path/Frameworks",
				);
				MARKETING_VERSION = 1.0;
				PRODUCT_BUNDLE_IDENTIFIER = hnslmp.MovieDbViper;
				PRODUCT_NAME = "$(TARGET_NAME)";
				SWIFT_EMIT_LOC_STRINGS = YES;
				SWIFT_VERSION = 5.0;
				TARGETED_DEVICE_FAMILY = "1,2";
			};
			name = Release;
		};
/* End XCBuildConfiguration section */

/* Begin XCConfigurationList section */
		B5CFE1C22902B65B008DDCF2 /* Build configuration list for PBXProject "MovieDbViper" */ = {
			isa = XCConfigurationList;
			buildConfigurations = (
				B5CFE1D92902B65D008DDCF2 /* Debug */,
				B5CFE1DA2902B65D008DDCF2 /* Release */,
			);
			defaultConfigurationIsVisible = 0;
			defaultConfigurationName = Release;
		};
		B5CFE1DB2902B65D008DDCF2 /* Build configuration list for PBXNativeTarget "MovieDbViper" */ = {
			isa = XCConfigurationList;
			buildConfigurations = (
				B5CFE1DC2902B65D008DDCF2 /* Debug */,
				B5CFE1DD2902B65D008DDCF2 /* Release */,
			);
			defaultConfigurationIsVisible = 0;
			defaultConfigurationName = Release;
		};
/* End XCConfigurationList section */
	};
	rootObject = B5CFE1BF2902B65B008DDCF2 /* Project object */;
}
